
Microsoft Visual Studio Solution File, Format Version 12.00
# Visual Studio Version 16
VisualStudioVersion = 16.0.31613.86
MinimumVisualStudioVersion = 10.0.40219.1
Project("{FAE04EC0-301F-11D3-BF4B-00C04F79EFBC}") = "WebApplication1", "WebApplication1.csproj", "{571AD7AF-569D-4515-AD07-AF2CC133262E}"
EndProject
Global
	GlobalSection(SolutionConfigurationPlatforms) = preSolution
		Debug|Any CPU = Debug|Any CPU
		Release|Any CPU = Release|Any CPU
	EndGlobalSection
	GlobalSection(ProjectConfigurationPlatforms) = postSolution
		{571AD7AF-569D-4515-AD07-AF2CC133262E}.Debug|Any CPU.ActiveCfg = Debug|Any CPU
		{571AD7AF-569D-4515-AD07-AF2CC133262E}.Debug|Any CPU.Build.0 = Debug|Any CPU
		{571AD7AF-569D-4515-AD07-AF2CC133262E}.Release|Any CPU.ActiveCfg = Release|Any CPU
		{571AD7AF-569D-4515-AD07-AF2CC133262E}.Release|Any CPU.Build.0 = Release|Any CPU
	EndGlobalSection
	GlobalSection(SolutionProperties) = preSolution
		HideSolutionNode = FALSE
	EndGlobalSection
	GlobalSection(ExtensibilityGlobals) = postSolution
		SolutionGuid = {F14CB6BA-8D3A-4D98-A8F9-18B7CB9E829A}
	EndGlobalSection
EndGlobal
